// !$*UTF8*$!
{
	archiveVersion = 1;
	classes = {
	};
	objectVersion = 46;
	objects = {

/* Begin PBXBuildFile section */
		3E1990D415B111B20055B334 /* UIKit.framework in Frameworks */ = {isa = PBXBuildFile; fileRef = 3E1990D315B111B20055B334 /* UIKit.framework */; };
		3E1990D615B111B20055B334 /* Foundation.framework in Frameworks */ = {isa = PBXBuildFile; fileRef = 3E1990D515B111B20055B334 /* Foundation.framework */; };
		3E1990D815B111B20055B334 /* CoreGraphics.framework in Frameworks */ = {isa = PBXBuildFile; fileRef = 3E1990D715B111B20055B334 /* CoreGraphics.framework */; };
		3E1990DA15B111B20055B334 /* CoreData.framework in Frameworks */ = {isa = PBXBuildFile; fileRef = 3E1990D915B111B20055B334 /* CoreData.framework */; };
		3E1990E215B111B20055B334 /* main.m in Sources */ = {isa = PBXBuildFile; fileRef = 3E1990E115B111B20055B334 /* main.m */; };
		3E1990E615B111B20055B334 /* AppDelegate.m in Sources */ = {isa = PBXBuildFile; fileRef = 3E1990E515B111B20055B334 /* AppDelegate.m */; };
		3E19910915B112F30055B334 /* ASIAuthenticationDialog.m in Sources */ = {isa = PBXBuildFile; fileRef = 3E1990F315B112F30055B334 /* ASIAuthenticationDialog.m */; };
		3E19910A15B112F30055B334 /* ASIDataCompressor.m in Sources */ = {isa = PBXBuildFile; fileRef = 3E1990F615B112F30055B334 /* ASIDataCompressor.m */; };
		3E19910B15B112F30055B334 /* ASIDataDecompressor.m in Sources */ = {isa = PBXBuildFile; fileRef = 3E1990F815B112F30055B334 /* ASIDataDecompressor.m */; };
		3E19910C15B112F30055B334 /* ASIDownloadCache.m in Sources */ = {isa = PBXBuildFile; fileRef = 3E1990FA15B112F30055B334 /* ASIDownloadCache.m */; };
		3E19910D15B112F30055B334 /* ASIFormDataRequest.m in Sources */ = {isa = PBXBuildFile; fileRef = 3E1990FC15B112F30055B334 /* ASIFormDataRequest.m */; };
		3E19910E15B112F30055B334 /* ASIHTTPRequest.m in Sources */ = {isa = PBXBuildFile; fileRef = 3E1990FE15B112F30055B334 /* ASIHTTPRequest.m */; };
		3E19910F15B112F30055B334 /* ASIInputStream.m in Sources */ = {isa = PBXBuildFile; fileRef = 3E19910215B112F30055B334 /* ASIInputStream.m */; };
		3E19911015B112F30055B334 /* ASINetworkQueue.m in Sources */ = {isa = PBXBuildFile; fileRef = 3E19910415B112F30055B334 /* ASINetworkQueue.m */; };
		3E19911115B112F30055B334 /* Reachability.m in Sources */ = {isa = PBXBuildFile; fileRef = 3E19910815B112F30055B334 /* Reachability.m */; };
		3E19911315B113710055B334 /* CFNetwork.framework in Frameworks */ = {isa = PBXBuildFile; fileRef = 3E19911215B113710055B334 /* CFNetwork.framework */; };
		3E19911515B1137B0055B334 /* SystemConfiguration.framework in Frameworks */ = {isa = PBXBuildFile; fileRef = 3E19911415B1137B0055B334 /* SystemConfiguration.framework */; };
		3E19911715B113880055B334 /* MobileCoreServices.framework in Frameworks */ = {isa = PBXBuildFile; fileRef = 3E19911615B113880055B334 /* MobileCoreServices.framework */; };
		3E19911915B113950055B334 /* libz.dylib in Frameworks */ = {isa = PBXBuildFile; fileRef = 3E19911815B113950055B334 /* libz.dylib */; };
		3E87D6AC15BC2CB900C1C98D /* Devotion.m in Sources */ = {isa = PBXBuildFile; fileRef = 3E87D6AB15BC2CB900C1C98D /* Devotion.m */; };
		3E87D6B015BC4ACA00C1C98D /* SettingViewController.m in Sources */ = {isa = PBXBuildFile; fileRef = 3E87D6AE15BC4AC900C1C98D /* SettingViewController.m */; };
		3E87D6B115BC4ACA00C1C98D /* SettingViewController.xib in Resources */ = {isa = PBXBuildFile; fileRef = 3E87D6AF15BC4AC900C1C98D /* SettingViewController.xib */; };
		3E87D6B515BC508300C1C98D /* DetailViewController.m in Sources */ = {isa = PBXBuildFile; fileRef = 3E87D6B315BC508300C1C98D /* DetailViewController.m */; };
		3E87D6B615BC508300C1C98D /* DetailViewController.xib in Resources */ = {isa = PBXBuildFile; fileRef = 3E87D6B415BC508300C1C98D /* DetailViewController.xib */; };
		3EAF5D1615B9B27A00A5D60D /* GuideViewController.m in Sources */ = {isa = PBXBuildFile; fileRef = 3EAF5D1415B9B27A00A5D60D /* GuideViewController.m */; };
		3EAF5D1715B9B27A00A5D60D /* GuideViewController.xib in Resources */ = {isa = PBXBuildFile; fileRef = 3EAF5D1515B9B27A00A5D60D /* GuideViewController.xib */; };
		3EAF5D1C15B9B85300A5D60D /* DevotionListViewController.m in Sources */ = {isa = PBXBuildFile; fileRef = 3EAF5D1A15B9B85300A5D60D /* DevotionListViewController.m */; };
		3EAF5D1D15B9B85300A5D60D /* DevotionListViewController.xib in Resources */ = {isa = PBXBuildFile; fileRef = 3EAF5D1B15B9B85300A5D60D /* DevotionListViewController.xib */; };
		CE5EEB9015BFEE7E003927D3 /* Devotion.sqlite in Resources */ = {isa = PBXBuildFile; fileRef = CE5EEB8F15BFEE7E003927D3 /* Devotion.sqlite */; };
		CE8BCB2115B78D9F00163506 /* MainCategoryViewController.m in Sources */ = {isa = PBXBuildFile; fileRef = CE8BCB1F15B78D9F00163506 /* MainCategoryViewController.m */; };
		CE8BCB2215B78D9F00163506 /* MainCategoryViewController.xib in Resources */ = {isa = PBXBuildFile; fileRef = CE8BCB2015B78D9F00163506 /* MainCategoryViewController.xib */; };
		CE8BCB2B15B791FE00163506 /* ServerManager.m in Sources */ = {isa = PBXBuildFile; fileRef = CE8BCB2A15B791FE00163506 /* ServerManager.m */; };
		CE8BCB2E15B7921300163506 /* ServerRequest.m in Sources */ = {isa = PBXBuildFile; fileRef = CE8BCB2D15B7921300163506 /* ServerRequest.m */; };
		CE8BCB4915B7945900163506 /* Facebook.m in Sources */ = {isa = PBXBuildFile; fileRef = CE8BCB3115B7945900163506 /* Facebook.m */; };
		CE8BCB4A15B7945900163506 /* FBConnect.bundle in Resources */ = {isa = PBXBuildFile; fileRef = CE8BCB3215B7945900163506 /* FBConnect.bundle */; };
		CE8BCB4B15B7945900163506 /* FBDialog.bundle in Resources */ = {isa = PBXBuildFile; fileRef = CE8BCB3415B7945900163506 /* FBDialog.bundle */; };
		CE8BCB4C15B7945900163506 /* FBDialog.m in Sources */ = {isa = PBXBuildFile; fileRef = CE8BCB3615B7945900163506 /* FBDialog.m */; };
		CE8BCB4D15B7945900163506 /* FBLoginDialog.m in Sources */ = {isa = PBXBuildFile; fileRef = CE8BCB3815B7945900163506 /* FBLoginDialog.m */; };
		CE8BCB4E15B7945900163506 /* FBRequest.mm in Sources */ = {isa = PBXBuildFile; fileRef = CE8BCB3A15B7945900163506 /* FBRequest.mm */; };
		CE8BCB4F15B7945900163506 /* NSObject+SBJSON.m in Sources */ = {isa = PBXBuildFile; fileRef = CE8BCB3E15B7945900163506 /* NSObject+SBJSON.m */; };
		CE8BCB5015B7945900163506 /* NSString+SBJSON.m in Sources */ = {isa = PBXBuildFile; fileRef = CE8BCB4015B7945900163506 /* NSString+SBJSON.m */; };
		CE8BCB5115B7945900163506 /* SBJSON.m in Sources */ = {isa = PBXBuildFile; fileRef = CE8BCB4215B7945900163506 /* SBJSON.m */; };
		CE8BCB5215B7945900163506 /* SBJsonBase.m in Sources */ = {isa = PBXBuildFile; fileRef = CE8BCB4415B7945900163506 /* SBJsonBase.m */; };
		CE8BCB5315B7945900163506 /* SBJsonParser.m in Sources */ = {isa = PBXBuildFile; fileRef = CE8BCB4615B7945900163506 /* SBJsonParser.m */; };
		CE8BCB5415B7945900163506 /* SBJsonWriter.m in Sources */ = {isa = PBXBuildFile; fileRef = CE8BCB4815B7945900163506 /* SBJsonWriter.m */; };
		CEC2545D15C0FECD00B878FD /* Devotion.xcdatamodeld in Sources */ = {isa = PBXBuildFile; fileRef = CEC2545B15C0FECD00B878FD /* Devotion.xcdatamodeld */; };
		CEC2546015C1002F00B878FD /* CoreDataManager.m in Sources */ = {isa = PBXBuildFile; fileRef = CEC2545F15C1002F00B878FD /* CoreDataManager.m */; };
		CEC2546A15C1044500B878FD /* Category.m in Sources */ = {isa = PBXBuildFile; fileRef = CEC2546915C1044500B878FD /* Category.m */; };
/* End PBXBuildFile section */

/* Begin PBXFileReference section */
		3E1990CF15B111B20055B334 /* Devotion.app */ = {isa = PBXFileReference; explicitFileType = wrapper.application; includeInIndex = 0; path = Devotion.app; sourceTree = BUILT_PRODUCTS_DIR; };
		3E1990D315B111B20055B334 /* UIKit.framework */ = {isa = PBXFileReference; lastKnownFileType = wrapper.framework; name = UIKit.framework; path = System/Library/Frameworks/UIKit.framework; sourceTree = SDKROOT; };
		3E1990D515B111B20055B334 /* Foundation.framework */ = {isa = PBXFileReference; lastKnownFileType = wrapper.framework; name = Foundation.framework; path = System/Library/Frameworks/Foundation.framework; sourceTree = SDKROOT; };
		3E1990D715B111B20055B334 /* CoreGraphics.framework */ = {isa = PBXFileReference; lastKnownFileType = wrapper.framework; name = CoreGraphics.framework; path = System/Library/Frameworks/CoreGraphics.framework; sourceTree = SDKROOT; };
		3E1990D915B111B20055B334 /* CoreData.framework */ = {isa = PBXFileReference; lastKnownFileType = wrapper.framework; name = CoreData.framework; path = System/Library/Frameworks/CoreData.framework; sourceTree = SDKROOT; };
		3E1990DD15B111B20055B334 /* Devotion-Info.plist */ = {isa = PBXFileReference; lastKnownFileType = text.plist.xml; path = "Devotion-Info.plist"; sourceTree = "<group>"; };
		3E1990E115B111B20055B334 /* main.m */ = {isa = PBXFileReference; lastKnownFileType = sourcecode.c.objc; path = main.m; sourceTree = "<group>"; };
		3E1990E315B111B20055B334 /* Devotion-Prefix.pch */ = {isa = PBXFileReference; lastKnownFileType = sourcecode.c.h; path = "Devotion-Prefix.pch"; sourceTree = "<group>"; };
		3E1990E415B111B20055B334 /* AppDelegate.h */ = {isa = PBXFileReference; lastKnownFileType = sourcecode.c.h; path = AppDelegate.h; sourceTree = "<group>"; };
		3E1990E515B111B20055B334 /* AppDelegate.m */ = {isa = PBXFileReference; lastKnownFileType = sourcecode.c.objc; path = AppDelegate.m; sourceTree = "<group>"; };
		3E1990F215B112F30055B334 /* ASIAuthenticationDialog.h */ = {isa = PBXFileReference; fileEncoding = 4; lastKnownFileType = sourcecode.c.h; path = ASIAuthenticationDialog.h; sourceTree = "<group>"; };
		3E1990F315B112F30055B334 /* ASIAuthenticationDialog.m */ = {isa = PBXFileReference; fileEncoding = 4; lastKnownFileType = sourcecode.c.objc; path = ASIAuthenticationDialog.m; sourceTree = "<group>"; };
		3E1990F415B112F30055B334 /* ASICacheDelegate.h */ = {isa = PBXFileReference; fileEncoding = 4; lastKnownFileType = sourcecode.c.h; path = ASICacheDelegate.h; sourceTree = "<group>"; };
		3E1990F515B112F30055B334 /* ASIDataCompressor.h */ = {isa = PBXFileReference; fileEncoding = 4; lastKnownFileType = sourcecode.c.h; path = ASIDataCompressor.h; sourceTree = "<group>"; };
		3E1990F615B112F30055B334 /* ASIDataCompressor.m */ = {isa = PBXFileReference; fileEncoding = 4; lastKnownFileType = sourcecode.c.objc; path = ASIDataCompressor.m; sourceTree = "<group>"; };
		3E1990F715B112F30055B334 /* ASIDataDecompressor.h */ = {isa = PBXFileReference; fileEncoding = 4; lastKnownFileType = sourcecode.c.h; path = ASIDataDecompressor.h; sourceTree = "<group>"; };
		3E1990F815B112F30055B334 /* ASIDataDecompressor.m */ = {isa = PBXFileReference; fileEncoding = 4; lastKnownFileType = sourcecode.c.objc; path = ASIDataDecompressor.m; sourceTree = "<group>"; };
		3E1990F915B112F30055B334 /* ASIDownloadCache.h */ = {isa = PBXFileReference; fileEncoding = 4; lastKnownFileType = sourcecode.c.h; path = ASIDownloadCache.h; sourceTree = "<group>"; };
		3E1990FA15B112F30055B334 /* ASIDownloadCache.m */ = {isa = PBXFileReference; fileEncoding = 4; lastKnownFileType = sourcecode.c.objc; path = ASIDownloadCache.m; sourceTree = "<group>"; };
		3E1990FB15B112F30055B334 /* ASIFormDataRequest.h */ = {isa = PBXFileReference; fileEncoding = 4; lastKnownFileType = sourcecode.c.h; path = ASIFormDataRequest.h; sourceTree = "<group>"; };
		3E1990FC15B112F30055B334 /* ASIFormDataRequest.m */ = {isa = PBXFileReference; fileEncoding = 4; lastKnownFileType = sourcecode.c.objc; path = ASIFormDataRequest.m; sourceTree = "<group>"; };
		3E1990FD15B112F30055B334 /* ASIHTTPRequest.h */ = {isa = PBXFileReference; fileEncoding = 4; lastKnownFileType = sourcecode.c.h; path = ASIHTTPRequest.h; sourceTree = "<group>"; };
		3E1990FE15B112F30055B334 /* ASIHTTPRequest.m */ = {isa = PBXFileReference; fileEncoding = 4; lastKnownFileType = sourcecode.c.objc; path = ASIHTTPRequest.m; sourceTree = "<group>"; };
		3E1990FF15B112F30055B334 /* ASIHTTPRequestConfig.h */ = {isa = PBXFileReference; fileEncoding = 4; lastKnownFileType = sourcecode.c.h; path = ASIHTTPRequestConfig.h; sourceTree = "<group>"; };
		3E19910015B112F30055B334 /* ASIHTTPRequestDelegate.h */ = {isa = PBXFileReference; fileEncoding = 4; lastKnownFileType = sourcecode.c.h; path = ASIHTTPRequestDelegate.h; sourceTree = "<group>"; };
		3E19910115B112F30055B334 /* ASIInputStream.h */ = {isa = PBXFileReference; fileEncoding = 4; lastKnownFileType = sourcecode.c.h; path = ASIInputStream.h; sourceTree = "<group>"; };
		3E19910215B112F30055B334 /* ASIInputStream.m */ = {isa = PBXFileReference; fileEncoding = 4; lastKnownFileType = sourcecode.c.objc; path = ASIInputStream.m; sourceTree = "<group>"; };
		3E19910315B112F30055B334 /* ASINetworkQueue.h */ = {isa = PBXFileReference; fileEncoding = 4; lastKnownFileType = sourcecode.c.h; path = ASINetworkQueue.h; sourceTree = "<group>"; };
		3E19910415B112F30055B334 /* ASINetworkQueue.m */ = {isa = PBXFileReference; fileEncoding = 4; lastKnownFileType = sourcecode.c.objc; path = ASINetworkQueue.m; sourceTree = "<group>"; };
		3E19910515B112F30055B334 /* ASIProgressDelegate.h */ = {isa = PBXFileReference; fileEncoding = 4; lastKnownFileType = sourcecode.c.h; path = ASIProgressDelegate.h; sourceTree = "<group>"; };
		3E19910715B112F30055B334 /* Reachability.h */ = {isa = PBXFileReference; fileEncoding = 4; lastKnownFileType = sourcecode.c.h; path = Reachability.h; sourceTree = "<group>"; };
		3E19910815B112F30055B334 /* Reachability.m */ = {isa = PBXFileReference; fileEncoding = 4; lastKnownFileType = sourcecode.c.objc; path = Reachability.m; sourceTree = "<group>"; };
		3E19911215B113710055B334 /* CFNetwork.framework */ = {isa = PBXFileReference; lastKnownFileType = wrapper.framework; name = CFNetwork.framework; path = System/Library/Frameworks/CFNetwork.framework; sourceTree = SDKROOT; };
		3E19911415B1137B0055B334 /* SystemConfiguration.framework */ = {isa = PBXFileReference; lastKnownFileType = wrapper.framework; name = SystemConfiguration.framework; path = System/Library/Frameworks/SystemConfiguration.framework; sourceTree = SDKROOT; };
		3E19911615B113880055B334 /* MobileCoreServices.framework */ = {isa = PBXFileReference; lastKnownFileType = wrapper.framework; name = MobileCoreServices.framework; path = System/Library/Frameworks/MobileCoreServices.framework; sourceTree = SDKROOT; };
		3E19911815B113950055B334 /* libz.dylib */ = {isa = PBXFileReference; lastKnownFileType = "compiled.mach-o.dylib"; name = libz.dylib; path = usr/lib/libz.dylib; sourceTree = SDKROOT; };
		3E87D6AA15BC2CB900C1C98D /* Devotion.h */ = {isa = PBXFileReference; fileEncoding = 4; lastKnownFileType = sourcecode.c.h; path = Devotion.h; sourceTree = "<group>"; };
		3E87D6AB15BC2CB900C1C98D /* Devotion.m */ = {isa = PBXFileReference; fileEncoding = 4; lastKnownFileType = sourcecode.c.objc; path = Devotion.m; sourceTree = "<group>"; };
		3E87D6AD15BC4AC900C1C98D /* SettingViewController.h */ = {isa = PBXFileReference; fileEncoding = 4; lastKnownFileType = sourcecode.c.h; path = SettingViewController.h; sourceTree = "<group>"; };
		3E87D6AE15BC4AC900C1C98D /* SettingViewController.m */ = {isa = PBXFileReference; fileEncoding = 4; lastKnownFileType = sourcecode.c.objc; path = SettingViewController.m; sourceTree = "<group>"; };
		3E87D6AF15BC4AC900C1C98D /* SettingViewController.xib */ = {isa = PBXFileReference; fileEncoding = 4; lastKnownFileType = file.xib; path = SettingViewController.xib; sourceTree = "<group>"; };
		3E87D6B215BC508300C1C98D /* DetailViewController.h */ = {isa = PBXFileReference; fileEncoding = 4; lastKnownFileType = sourcecode.c.h; path = DetailViewController.h; sourceTree = "<group>"; };
		3E87D6B315BC508300C1C98D /* DetailViewController.m */ = {isa = PBXFileReference; fileEncoding = 4; lastKnownFileType = sourcecode.c.objc; path = DetailViewController.m; sourceTree = "<group>"; };
		3E87D6B415BC508300C1C98D /* DetailViewController.xib */ = {isa = PBXFileReference; fileEncoding = 4; lastKnownFileType = file.xib; path = DetailViewController.xib; sourceTree = "<group>"; };
		3EAF5D1315B9B27A00A5D60D /* GuideViewController.h */ = {isa = PBXFileReference; fileEncoding = 4; lastKnownFileType = sourcecode.c.h; path = GuideViewController.h; sourceTree = "<group>"; };
		3EAF5D1415B9B27A00A5D60D /* GuideViewController.m */ = {isa = PBXFileReference; fileEncoding = 4; lastKnownFileType = sourcecode.c.objc; path = GuideViewController.m; sourceTree = "<group>"; };
		3EAF5D1515B9B27A00A5D60D /* GuideViewController.xib */ = {isa = PBXFileReference; fileEncoding = 4; lastKnownFileType = file.xib; path = GuideViewController.xib; sourceTree = "<group>"; };
		3EAF5D1915B9B85300A5D60D /* DevotionListViewController.h */ = {isa = PBXFileReference; fileEncoding = 4; lastKnownFileType = sourcecode.c.h; path = DevotionListViewController.h; sourceTree = "<group>"; };
		3EAF5D1A15B9B85300A5D60D /* DevotionListViewController.m */ = {isa = PBXFileReference; fileEncoding = 4; lastKnownFileType = sourcecode.c.objc; path = DevotionListViewController.m; sourceTree = "<group>"; };
		3EAF5D1B15B9B85300A5D60D /* DevotionListViewController.xib */ = {isa = PBXFileReference; fileEncoding = 4; lastKnownFileType = file.xib; path = DevotionListViewController.xib; sourceTree = "<group>"; };
		CE5EEB8F15BFEE7E003927D3 /* Devotion.sqlite */ = {isa = PBXFileReference; lastKnownFileType = file; path = Devotion.sqlite; sourceTree = "<group>"; };
		CE8BCB1E15B78D9F00163506 /* MainCategoryViewController.h */ = {isa = PBXFileReference; fileEncoding = 4; lastKnownFileType = sourcecode.c.h; path = MainCategoryViewController.h; sourceTree = "<group>"; };
		CE8BCB1F15B78D9F00163506 /* MainCategoryViewController.m */ = {isa = PBXFileReference; fileEncoding = 4; lastKnownFileType = sourcecode.c.objc; path = MainCategoryViewController.m; sourceTree = "<group>"; };
		CE8BCB2015B78D9F00163506 /* MainCategoryViewController.xib */ = {isa = PBXFileReference; fileEncoding = 4; lastKnownFileType = file.xib; path = MainCategoryViewController.xib; sourceTree = "<group>"; };
		CE8BCB2915B791FE00163506 /* ServerManager.h */ = {isa = PBXFileReference; fileEncoding = 4; lastKnownFileType = sourcecode.c.h; path = ServerManager.h; sourceTree = "<group>"; };
		CE8BCB2A15B791FE00163506 /* ServerManager.m */ = {isa = PBXFileReference; fileEncoding = 4; lastKnownFileType = sourcecode.c.objc; path = ServerManager.m; sourceTree = "<group>"; };
		CE8BCB2C15B7921300163506 /* ServerRequest.h */ = {isa = PBXFileReference; fileEncoding = 4; lastKnownFileType = sourcecode.c.h; path = ServerRequest.h; sourceTree = "<group>"; };
		CE8BCB2D15B7921300163506 /* ServerRequest.m */ = {isa = PBXFileReference; fileEncoding = 4; lastKnownFileType = sourcecode.c.objc; path = ServerRequest.m; sourceTree = "<group>"; };
		CE8BCB3015B7945900163506 /* Facebook.h */ = {isa = PBXFileReference; fileEncoding = 4; lastKnownFileType = sourcecode.c.h; path = Facebook.h; sourceTree = "<group>"; };
		CE8BCB3115B7945900163506 /* Facebook.m */ = {isa = PBXFileReference; fileEncoding = 4; lastKnownFileType = sourcecode.c.objc; path = Facebook.m; sourceTree = "<group>"; };
		CE8BCB3215B7945900163506 /* FBConnect.bundle */ = {isa = PBXFileReference; lastKnownFileType = "wrapper.plug-in"; path = FBConnect.bundle; sourceTree = "<group>"; };
		CE8BCB3315B7945900163506 /* FBConnect.h */ = {isa = PBXFileReference; fileEncoding = 4; lastKnownFileType = sourcecode.c.h; path = FBConnect.h; sourceTree = "<group>"; };
		CE8BCB3415B7945900163506 /* FBDialog.bundle */ = {isa = PBXFileReference; lastKnownFileType = "wrapper.plug-in"; path = FBDialog.bundle; sourceTree = "<group>"; };
		CE8BCB3515B7945900163506 /* FBDialog.h */ = {isa = PBXFileReference; fileEncoding = 4; lastKnownFileType = sourcecode.c.h; path = FBDialog.h; sourceTree = "<group>"; };
		CE8BCB3615B7945900163506 /* FBDialog.m */ = {isa = PBXFileReference; fileEncoding = 4; lastKnownFileType = sourcecode.c.objc; path = FBDialog.m; sourceTree = "<group>"; };
		CE8BCB3715B7945900163506 /* FBLoginDialog.h */ = {isa = PBXFileReference; fileEncoding = 4; lastKnownFileType = sourcecode.c.h; path = FBLoginDialog.h; sourceTree = "<group>"; };
		CE8BCB3815B7945900163506 /* FBLoginDialog.m */ = {isa = PBXFileReference; fileEncoding = 4; lastKnownFileType = sourcecode.c.objc; path = FBLoginDialog.m; sourceTree = "<group>"; };
		CE8BCB3915B7945900163506 /* FBRequest.h */ = {isa = PBXFileReference; fileEncoding = 4; lastKnownFileType = sourcecode.c.h; path = FBRequest.h; sourceTree = "<group>"; };
		CE8BCB3A15B7945900163506 /* FBRequest.mm */ = {isa = PBXFileReference; fileEncoding = 4; lastKnownFileType = sourcecode.cpp.objcpp; path = FBRequest.mm; sourceTree = "<group>"; };
		CE8BCB3C15B7945900163506 /* JSON.h */ = {isa = PBXFileReference; fileEncoding = 4; lastKnownFileType = sourcecode.c.h; path = JSON.h; sourceTree = "<group>"; };
		CE8BCB3D15B7945900163506 /* NSObject+SBJSON.h */ = {isa = PBXFileReference; fileEncoding = 4; lastKnownFileType = sourcecode.c.h; path = "NSObject+SBJSON.h"; sourceTree = "<group>"; };
		CE8BCB3E15B7945900163506 /* NSObject+SBJSON.m */ = {isa = PBXFileReference; fileEncoding = 4; lastKnownFileType = sourcecode.c.objc; path = "NSObject+SBJSON.m"; sourceTree = "<group>"; };
		CE8BCB3F15B7945900163506 /* NSString+SBJSON.h */ = {isa = PBXFileReference; fileEncoding = 4; lastKnownFileType = sourcecode.c.h; path = "NSString+SBJSON.h"; sourceTree = "<group>"; };
		CE8BCB4015B7945900163506 /* NSString+SBJSON.m */ = {isa = PBXFileReference; fileEncoding = 4; lastKnownFileType = sourcecode.c.objc; path = "NSString+SBJSON.m"; sourceTree = "<group>"; };
		CE8BCB4115B7945900163506 /* SBJSON.h */ = {isa = PBXFileReference; fileEncoding = 4; lastKnownFileType = sourcecode.c.h; path = SBJSON.h; sourceTree = "<group>"; };
		CE8BCB4215B7945900163506 /* SBJSON.m */ = {isa = PBXFileReference; fileEncoding = 4; lastKnownFileType = sourcecode.c.objc; path = SBJSON.m; sourceTree = "<group>"; };
		CE8BCB4315B7945900163506 /* SBJsonBase.h */ = {isa = PBXFileReference; fileEncoding = 4; lastKnownFileType = sourcecode.c.h; path = SBJsonBase.h; sourceTree = "<group>"; };
		CE8BCB4415B7945900163506 /* SBJsonBase.m */ = {isa = PBXFileReference; fileEncoding = 4; lastKnownFileType = sourcecode.c.objc; path = SBJsonBase.m; sourceTree = "<group>"; };
		CE8BCB4515B7945900163506 /* SBJsonParser.h */ = {isa = PBXFileReference; fileEncoding = 4; lastKnownFileType = sourcecode.c.h; path = SBJsonParser.h; sourceTree = "<group>"; };
		CE8BCB4615B7945900163506 /* SBJsonParser.m */ = {isa = PBXFileReference; fileEncoding = 4; lastKnownFileType = sourcecode.c.objc; path = SBJsonParser.m; sourceTree = "<group>"; };
		CE8BCB4715B7945900163506 /* SBJsonWriter.h */ = {isa = PBXFileReference; fileEncoding = 4; lastKnownFileType = sourcecode.c.h; path = SBJsonWriter.h; sourceTree = "<group>"; };
		CE8BCB4815B7945900163506 /* SBJsonWriter.m */ = {isa = PBXFileReference; fileEncoding = 4; lastKnownFileType = sourcecode.c.objc; path = SBJsonWriter.m; sourceTree = "<group>"; };
		CE8BCB5515B79A3500163506 /* Config.h */ = {isa = PBXFileReference; lastKnownFileType = sourcecode.c.h; path = Config.h; sourceTree = "<group>"; };
		CEC2545C15C0FECD00B878FD /* Devotion.xcdatamodel */ = {isa = PBXFileReference; lastKnownFileType = wrapper.xcdatamodel; path = Devotion.xcdatamodel; sourceTree = "<group>"; };
		CEC2545E15C1002F00B878FD /* CoreDataManager.h */ = {isa = PBXFileReference; fileEncoding = 4; lastKnownFileType = sourcecode.c.h; path = CoreDataManager.h; sourceTree = "<group>"; };
		CEC2545F15C1002F00B878FD /* CoreDataManager.m */ = {isa = PBXFileReference; fileEncoding = 4; lastKnownFileType = sourcecode.c.objc; path = CoreDataManager.m; sourceTree = "<group>"; };
		CEC2546815C1044500B878FD /* Category.h */ = {isa = PBXFileReference; fileEncoding = 4; lastKnownFileType = sourcecode.c.h; path = Category.h; sourceTree = "<group>"; };
		CEC2546915C1044500B878FD /* Category.m */ = {isa = PBXFileReference; fileEncoding = 4; lastKnownFileType = sourcecode.c.objc; path = Category.m; sourceTree = "<group>"; };
/* End PBXFileReference section */

/* Begin PBXFrameworksBuildPhase section */
		3E1990CC15B111B20055B334 /* Frameworks */ = {
			isa = PBXFrameworksBuildPhase;
			buildActionMask = 2147483647;
			files = (
				3E19911915B113950055B334 /* libz.dylib in Frameworks */,
				3E19911715B113880055B334 /* MobileCoreServices.framework in Frameworks */,
				3E19911515B1137B0055B334 /* SystemConfiguration.framework in Frameworks */,
				3E19911315B113710055B334 /* CFNetwork.framework in Frameworks */,
				3E1990D415B111B20055B334 /* UIKit.framework in Frameworks */,
				3E1990D615B111B20055B334 /* Foundation.framework in Frameworks */,
				3E1990D815B111B20055B334 /* CoreGraphics.framework in Frameworks */,
				3E1990DA15B111B20055B334 /* CoreData.framework in Frameworks */,
			);
			runOnlyForDeploymentPostprocessing = 0;
		};
/* End PBXFrameworksBuildPhase section */

/* Begin PBXGroup section */
		3E1990C415B111B10055B334 = {
			isa = PBXGroup;
			children = (
				3E1990DB15B111B20055B334 /* Devotion */,
				3E1990D215B111B20055B334 /* Frameworks */,
				3E1990D015B111B20055B334 /* Products */,
			);
			sourceTree = "<group>";
		};
		3E1990D015B111B20055B334 /* Products */ = {
			isa = PBXGroup;
			children = (
				3E1990CF15B111B20055B334 /* Devotion.app */,
			);
			name = Products;
			sourceTree = "<group>";
		};
		3E1990D215B111B20055B334 /* Frameworks */ = {
			isa = PBXGroup;
			children = (
				3E19911815B113950055B334 /* libz.dylib */,
				3E19911615B113880055B334 /* MobileCoreServices.framework */,
				3E19911415B1137B0055B334 /* SystemConfiguration.framework */,
				3E19911215B113710055B334 /* CFNetwork.framework */,
				3E1990D315B111B20055B334 /* UIKit.framework */,
				3E1990D515B111B20055B334 /* Foundation.framework */,
				3E1990D715B111B20055B334 /* CoreGraphics.framework */,
				3E1990D915B111B20055B334 /* CoreData.framework */,
			);
			name = Frameworks;
			sourceTree = "<group>";
		};
		3E1990DB15B111B20055B334 /* Devotion */ = {
			isa = PBXGroup;
			children = (
				3E1990EF15B112F30055B334 /* Classes */,
				3E1990E415B111B20055B334 /* AppDelegate.h */,
				3E1990E515B111B20055B334 /* AppDelegate.m */,
				CEC2545B15C0FECD00B878FD /* Devotion.xcdatamodeld */,
				3E1990DC15B111B20055B334 /* Supporting Files */,
			);
			path = Devotion;
			sourceTree = "<group>";
		};
		3E1990DC15B111B20055B334 /* Supporting Files */ = {
			isa = PBXGroup;
			children = (
				CE5EEB8E15BFEE7E003927D3 /* Resources */,
				3E1990DD15B111B20055B334 /* Devotion-Info.plist */,
				3E1990E115B111B20055B334 /* main.m */,
				3E1990E315B111B20055B334 /* Devotion-Prefix.pch */,
			);
			name = "Supporting Files";
			sourceTree = "<group>";
		};
		3E1990EF15B112F30055B334 /* Classes */ = {
			isa = PBXGroup;
			children = (
				3E87D6A815BC2C9B00C1C98D /* Models */,
				CE8BCB2315B7904300163506 /* Views */,
				CE8BCB1D15B78D8A00163506 /* Controllers */,
				3E1990F015B112F30055B334 /* Utils */,
				CE8BCB5515B79A3500163506 /* Config.h */,
			);
			path = Classes;
			sourceTree = "<group>";
		};
		3E1990F015B112F30055B334 /* Utils */ = {
			isa = PBXGroup;
			children = (
				CE8BCB2F15B7945900163506 /* FBConnectAPI */,
				CE8BCB2815B791EC00163506 /* ServerManager */,
				3E1990F115B112F30055B334 /* ASIHTTPRequest */,
				3E19910615B112F30055B334 /* Reachability */,
				CEC2545E15C1002F00B878FD /* CoreDataManager.h */,
				CEC2545F15C1002F00B878FD /* CoreDataManager.m */,
			);
			path = Utils;
			sourceTree = "<group>";
		};
		3E1990F115B112F30055B334 /* ASIHTTPRequest */ = {
			isa = PBXGroup;
			children = (
				3E1990F215B112F30055B334 /* ASIAuthenticationDialog.h */,
				3E1990F315B112F30055B334 /* ASIAuthenticationDialog.m */,
				3E1990F415B112F30055B334 /* ASICacheDelegate.h */,
				3E1990F515B112F30055B334 /* ASIDataCompressor.h */,
				3E1990F615B112F30055B334 /* ASIDataCompressor.m */,
				3E1990F715B112F30055B334 /* ASIDataDecompressor.h */,
				3E1990F815B112F30055B334 /* ASIDataDecompressor.m */,
				3E1990F915B112F30055B334 /* ASIDownloadCache.h */,
				3E1990FA15B112F30055B334 /* ASIDownloadCache.m */,
				3E1990FB15B112F30055B334 /* ASIFormDataRequest.h */,
				3E1990FC15B112F30055B334 /* ASIFormDataRequest.m */,
				3E1990FD15B112F30055B334 /* ASIHTTPRequest.h */,
				3E1990FE15B112F30055B334 /* ASIHTTPRequest.m */,
				3E1990FF15B112F30055B334 /* ASIHTTPRequestConfig.h */,
				3E19910015B112F30055B334 /* ASIHTTPRequestDelegate.h */,
				3E19910115B112F30055B334 /* ASIInputStream.h */,
				3E19910215B112F30055B334 /* ASIInputStream.m */,
				3E19910315B112F30055B334 /* ASINetworkQueue.h */,
				3E19910415B112F30055B334 /* ASINetworkQueue.m */,
				3E19910515B112F30055B334 /* ASIProgressDelegate.h */,
			);
			path = ASIHTTPRequest;
			sourceTree = "<group>";
		};
		3E19910615B112F30055B334 /* Reachability */ = {
			isa = PBXGroup;
			children = (
				3E19910715B112F30055B334 /* Reachability.h */,
				3E19910815B112F30055B334 /* Reachability.m */,
			);
			path = Reachability;
			sourceTree = "<group>";
		};
		3E87D6A815BC2C9B00C1C98D /* Models */ = {
			isa = PBXGroup;
			children = (
				CEC2546815C1044500B878FD /* Category.h */,
				CEC2546915C1044500B878FD /* Category.m */,
				3E87D6AA15BC2CB900C1C98D /* Devotion.h */,
				3E87D6AB15BC2CB900C1C98D /* Devotion.m */,
			);
			path = Models;
			sourceTree = "<group>";
		};
		CE5EEB8E15BFEE7E003927D3 /* Resources */ = {
			isa = PBXGroup;
			children = (
				CE5EEB8F15BFEE7E003927D3 /* Devotion.sqlite */,
			);
			path = Resources;
			sourceTree = "<group>";
		};
		CE8BCB1D15B78D8A00163506 /* Controllers */ = {
			isa = PBXGroup;
			children = (
				CE8BCB1E15B78D9F00163506 /* MainCategoryViewController.h */,
				CE8BCB1F15B78D9F00163506 /* MainCategoryViewController.m */,
				CE8BCB2015B78D9F00163506 /* MainCategoryViewController.xib */,
				3EAF5D1315B9B27A00A5D60D /* GuideViewController.h */,
				3EAF5D1415B9B27A00A5D60D /* GuideViewController.m */,
				3EAF5D1515B9B27A00A5D60D /* GuideViewController.xib */,
				3EAF5D1915B9B85300A5D60D /* DevotionListViewController.h */,
				3EAF5D1A15B9B85300A5D60D /* DevotionListViewController.m */,
				3EAF5D1B15B9B85300A5D60D /* DevotionListViewController.xib */,
				3E87D6AD15BC4AC900C1C98D /* SettingViewController.h */,
				3E87D6AE15BC4AC900C1C98D /* SettingViewController.m */,
				3E87D6AF15BC4AC900C1C98D /* SettingViewController.xib */,
				3E87D6B215BC508300C1C98D /* DetailViewController.h */,
				3E87D6B315BC508300C1C98D /* DetailViewController.m */,
				3E87D6B415BC508300C1C98D /* DetailViewController.xib */,
			);
			path = Controllers;
			sourceTree = "<group>";
		};
		CE8BCB2315B7904300163506 /* Views */ = {
			isa = PBXGroup;
			children = (
			);
			path = Views;
			sourceTree = "<group>";
		};
		CE8BCB2815B791EC00163506 /* ServerManager */ = {
			isa = PBXGroup;
			children = (
				CE8BCB2915B791FE00163506 /* ServerManager.h */,
				CE8BCB2A15B791FE00163506 /* ServerManager.m */,
				CE8BCB2C15B7921300163506 /* ServerRequest.h */,
				CE8BCB2D15B7921300163506 /* ServerRequest.m */,
			);
			path = ServerManager;
			sourceTree = "<group>";
		};
		CE8BCB2F15B7945900163506 /* FBConnectAPI */ = {
			isa = PBXGroup;
			children = (
				CE8BCB3015B7945900163506 /* Facebook.h */,
				CE8BCB3115B7945900163506 /* Facebook.m */,
				CE8BCB3215B7945900163506 /* FBConnect.bundle */,
				CE8BCB3315B7945900163506 /* FBConnect.h */,
				CE8BCB3415B7945900163506 /* FBDialog.bundle */,
				CE8BCB3515B7945900163506 /* FBDialog.h */,
				CE8BCB3615B7945900163506 /* FBDialog.m */,
				CE8BCB3715B7945900163506 /* FBLoginDialog.h */,
				CE8BCB3815B7945900163506 /* FBLoginDialog.m */,
				CE8BCB3915B7945900163506 /* FBRequest.h */,
				CE8BCB3A15B7945900163506 /* FBRequest.mm */,
				CE8BCB3B15B7945900163506 /* JSON */,
			);
			path = FBConnectAPI;
			sourceTree = "<group>";
		};
		CE8BCB3B15B7945900163506 /* JSON */ = {
			isa = PBXGroup;
			children = (
				CE8BCB3C15B7945900163506 /* JSON.h */,
				CE8BCB3D15B7945900163506 /* NSObject+SBJSON.h */,
				CE8BCB3E15B7945900163506 /* NSObject+SBJSON.m */,
				CE8BCB3F15B7945900163506 /* NSString+SBJSON.h */,
				CE8BCB4015B7945900163506 /* NSString+SBJSON.m */,
				CE8BCB4115B7945900163506 /* SBJSON.h */,
				CE8BCB4215B7945900163506 /* SBJSON.m */,
				CE8BCB4315B7945900163506 /* SBJsonBase.h */,
				CE8BCB4415B7945900163506 /* SBJsonBase.m */,
				CE8BCB4515B7945900163506 /* SBJsonParser.h */,
				CE8BCB4615B7945900163506 /* SBJsonParser.m */,
				CE8BCB4715B7945900163506 /* SBJsonWriter.h */,
				CE8BCB4815B7945900163506 /* SBJsonWriter.m */,
			);
			path = JSON;
			sourceTree = "<group>";
		};
/* End PBXGroup section */

/* Begin PBXNativeTarget section */
		3E1990CE15B111B20055B334 /* Devotion */ = {
			isa = PBXNativeTarget;
			buildConfigurationList = 3E1990EC15B111B20055B334 /* Build configuration list for PBXNativeTarget "Devotion" */;
			buildPhases = (
				3E1990CB15B111B20055B334 /* Sources */,
				3E1990CC15B111B20055B334 /* Frameworks */,
				3E1990CD15B111B20055B334 /* Resources */,
			);
			buildRules = (
			);
			dependencies = (
			);
			name = Devotion;
			productName = Devotion;
			productReference = 3E1990CF15B111B20055B334 /* Devotion.app */;
			productType = "com.apple.product-type.application";
		};
/* End PBXNativeTarget section */

/* Begin PBXProject section */
		3E1990C615B111B10055B334 /* Project object */ = {
			isa = PBXProject;
			attributes = {
				LastUpgradeCheck = 0430;
			};
			buildConfigurationList = 3E1990C915B111B10055B334 /* Build configuration list for PBXProject "Devotion" */;
			compatibilityVersion = "Xcode 3.2";
			developmentRegion = English;
			hasScannedForEncodings = 0;
			knownRegions = (
				en,
			);
			mainGroup = 3E1990C415B111B10055B334;
			productRefGroup = 3E1990D015B111B20055B334 /* Products */;
			projectDirPath = "";
			projectRoot = "";
			targets = (
				3E1990CE15B111B20055B334 /* Devotion */,
			);
		};
/* End PBXProject section */

/* Begin PBXResourcesBuildPhase section */
		3E1990CD15B111B20055B334 /* Resources */ = {
			isa = PBXResourcesBuildPhase;
			buildActionMask = 2147483647;
			files = (
				CE8BCB2215B78D9F00163506 /* MainCategoryViewController.xib in Resources */,
				CE8BCB4A15B7945900163506 /* FBConnect.bundle in Resources */,
				CE8BCB4B15B7945900163506 /* FBDialog.bundle in Resources */,
				3EAF5D1715B9B27A00A5D60D /* GuideViewController.xib in Resources */,
				3EAF5D1D15B9B85300A5D60D /* DevotionListViewController.xib in Resources */,
				3E87D6B115BC4ACA00C1C98D /* SettingViewController.xib in Resources */,
				3E87D6B615BC508300C1C98D /* DetailViewController.xib in Resources */,
				CE5EEB9015BFEE7E003927D3 /* Devotion.sqlite in Resources */,
			);
			runOnlyForDeploymentPostprocessing = 0;
		};
/* End PBXResourcesBuildPhase section */

/* Begin PBXSourcesBuildPhase section */
		3E1990CB15B111B20055B334 /* Sources */ = {
			isa = PBXSourcesBuildPhase;
			buildActionMask = 2147483647;
			files = (
				3E1990E215B111B20055B334 /* main.m in Sources */,
				3E1990E615B111B20055B334 /* AppDelegate.m in Sources */,
				3E19910915B112F30055B334 /* ASIAuthenticationDialog.m in Sources */,
				3E19910A15B112F30055B334 /* ASIDataCompressor.m in Sources */,
				3E19910B15B112F30055B334 /* ASIDataDecompressor.m in Sources */,
				3E19910C15B112F30055B334 /* ASIDownloadCache.m in Sources */,
				3E19910D15B112F30055B334 /* ASIFormDataRequest.m in Sources */,
				3E19910E15B112F30055B334 /* ASIHTTPRequest.m in Sources */,
				3E19910F15B112F30055B334 /* ASIInputStream.m in Sources */,
				3E19911015B112F30055B334 /* ASINetworkQueue.m in Sources */,
				3E19911115B112F30055B334 /* Reachability.m in Sources */,
				CE8BCB2115B78D9F00163506 /* MainCategoryViewController.m in Sources */,
				CE8BCB2B15B791FE00163506 /* ServerManager.m in Sources */,
				CE8BCB2E15B7921300163506 /* ServerRequest.m in Sources */,
				CE8BCB4915B7945900163506 /* Facebook.m in Sources */,
				CE8BCB4C15B7945900163506 /* FBDialog.m in Sources */,
				CE8BCB4D15B7945900163506 /* FBLoginDialog.m in Sources */,
				CE8BCB4E15B7945900163506 /* FBRequest.mm in Sources */,
				CE8BCB4F15B7945900163506 /* NSObject+SBJSON.m in Sources */,
				CE8BCB5015B7945900163506 /* NSString+SBJSON.m in Sources */,
				CE8BCB5115B7945900163506 /* SBJSON.m in Sources */,
				CE8BCB5215B7945900163506 /* SBJsonBase.m in Sources */,
				CE8BCB5315B7945900163506 /* SBJsonParser.m in Sources */,
				CE8BCB5415B7945900163506 /* SBJsonWriter.m in Sources */,
				3EAF5D1615B9B27A00A5D60D /* GuideViewController.m in Sources */,
				3EAF5D1C15B9B85300A5D60D /* DevotionListViewController.m in Sources */,
				3E87D6AC15BC2CB900C1C98D /* Devotion.m in Sources */,
				3E87D6B015BC4ACA00C1C98D /* SettingViewController.m in Sources */,
				3E87D6B515BC508300C1C98D /* DetailViewController.m in Sources */,
				CEC2545D15C0FECD00B878FD /* Devotion.xcdatamodeld in Sources */,
				CEC2546015C1002F00B878FD /* CoreDataManager.m in Sources */,
				CEC2546A15C1044500B878FD /* Category.m in Sources */,
			);
			runOnlyForDeploymentPostprocessing = 0;
		};
/* End PBXSourcesBuildPhase section */

/* Begin XCBuildConfiguration section */
		3E1990EA15B111B20055B334 /* Debug */ = {
			isa = XCBuildConfiguration;
			buildSettings = {
				ALWAYS_SEARCH_USER_PATHS = NO;
				ARCHS = "$(ARCHS_STANDARD_32_BIT)";
				"CODE_SIGN_IDENTITY[sdk=iphoneos*]" = "iPhone Developer: Yoon Ki Kim (H6BAW5B7QV)";
				COPY_PHASE_STRIP = NO;
				GCC_C_LANGUAGE_STANDARD = gnu99;
				GCC_DYNAMIC_NO_PIC = NO;
				GCC_OPTIMIZATION_LEVEL = 0;
				GCC_PREPROCESSOR_DEFINITIONS = (
					"DEBUG=1",
					"$(inherited)",
				);
				GCC_SYMBOLS_PRIVATE_EXTERN = NO;
				GCC_VERSION = com.apple.compilers.llvm.clang.1_0;
				GCC_WARN_ABOUT_RETURN_TYPE = YES;
				GCC_WARN_UNINITIALIZED_AUTOS = YES;
				GCC_WARN_UNUSED_VARIABLE = YES;
				IPHONEOS_DEPLOYMENT_TARGET = 4.0;
				OTHER_CFLAGS = "-D_DEBUG_LOG";
				"PROVISIONING_PROFILE[sdk=iphoneos*]" = "FD506B13-053A-479C-B476-B363AECF2EF6";
				SDKROOT = iphoneos;
			};
			name = Debug;
		};
		3E1990EB15B111B20055B334 /* Release */ = {
			isa = XCBuildConfiguration;
			buildSettings = {
				ALWAYS_SEARCH_USER_PATHS = NO;
				ARCHS = "$(ARCHS_STANDARD_32_BIT)";
				"CODE_SIGN_IDENTITY[sdk=iphoneos*]" = "iPhone Developer: Yoon Ki Kim (H6BAW5B7QV)";
				COPY_PHASE_STRIP = YES;
				GCC_C_LANGUAGE_STANDARD = gnu99;
				GCC_VERSION = com.apple.compilers.llvm.clang.1_0;
				GCC_WARN_ABOUT_RETURN_TYPE = YES;
				GCC_WARN_UNINITIALIZED_AUTOS = YES;
				GCC_WARN_UNUSED_VARIABLE = YES;
				IPHONEOS_DEPLOYMENT_TARGET = 4.0;
				OTHER_CFLAGS = "-DNS_BLOCK_ASSERTIONS=1";
				"PROVISIONING_PROFILE[sdk=iphoneos*]" = "FD506B13-053A-479C-B476-B363AECF2EF6";
				SDKROOT = iphoneos;
				VALIDATE_PRODUCT = YES;
			};
			name = Release;
		};
		3E1990ED15B111B20055B334 /* Debug */ = {
			isa = XCBuildConfiguration;
			buildSettings = {
				"CODE_SIGN_IDENTITY[sdk=iphoneos*]" = "iPhone Developer: Yoon Ki Kim (H6BAW5B7QV)";
				GCC_PRECOMPILE_PREFIX_HEADER = YES;
				GCC_PREFIX_HEADER = "Devotion/Devotion-Prefix.pch";
				INFOPLIST_FILE = "Devotion/Devotion-Info.plist";
				IPHONEOS_DEPLOYMENT_TARGET = 4.0;
				OTHER_CFLAGS = "-D_DEBUG_LOG";
				PRODUCT_NAME = "$(TARGET_NAME)";
				"PROVISIONING_PROFILE[sdk=iphoneos*]" = "FD506B13-053A-479C-B476-B363AECF2EF6";
				WRAPPER_EXTENSION = app;
			};
			name = Debug;
		};
		3E1990EE15B111B20055B334 /* Release */ = {
			isa = XCBuildConfiguration;
			buildSettings = {
				"CODE_SIGN_IDENTITY[sdk=iphoneos*]" = "iPhone Developer: Yoon Ki Kim (H6BAW5B7QV)";
				GCC_PRECOMPILE_PREFIX_HEADER = YES;
				GCC_PREFIX_HEADER = "Devotion/Devotion-Prefix.pch";
				INFOPLIST_FILE = "Devotion/Devotion-Info.plist";
				IPHONEOS_DEPLOYMENT_TARGET = 4.0;
				PRODUCT_NAME = "$(TARGET_NAME)";
				"PROVISIONING_PROFILE[sdk=iphoneos*]" = "FD506B13-053A-479C-B476-B363AECF2EF6";
				WRAPPER_EXTENSION = app;
			};
			name = Release;
		};
		CECB5D5E15BD25FA0057F399 /* Adhoc */ = {
			isa = XCBuildConfiguration;
			buildSettings = {
				ALWAYS_SEARCH_USER_PATHS = NO;
				ARCHS = "$(ARCHS_STANDARD_32_BIT)";
				"CODE_SIGN_IDENTITY[sdk=iphoneos*]" = "iPhone Distribution: Yoon Ki Kim";
				COPY_PHASE_STRIP = YES;
				GCC_C_LANGUAGE_STANDARD = gnu99;
				GCC_VERSION = com.apple.compilers.llvm.clang.1_0;
				GCC_WARN_ABOUT_RETURN_TYPE = YES;
				GCC_WARN_UNINITIALIZED_AUTOS = YES;
				GCC_WARN_UNUSED_VARIABLE = YES;
				IPHONEOS_DEPLOYMENT_TARGET = 4.0;
				OTHER_CFLAGS = "-DNS_BLOCK_ASSERTIONS=1";
				"PROVISIONING_PROFILE[sdk=iphoneos*]" = "8110425B-09C7-418C-AA1E-04A882D8CA55";
				SDKROOT = iphoneos;
				VALIDATE_PRODUCT = YES;
			};
			name = Adhoc;
		};
		CECB5D5F15BD25FA0057F399 /* Adhoc */ = {
			isa = XCBuildConfiguration;
			buildSettings = {
				"CODE_SIGN_IDENTITY[sdk=iphoneos*]" = "iPhone Distribution: Yoon Ki Kim";
				GCC_PRECOMPILE_PREFIX_HEADER = YES;
				GCC_PREFIX_HEADER = "Devotion/Devotion-Prefix.pch";
				INFOPLIST_FILE = "Devotion/Devotion-Info.plist";
				IPHONEOS_DEPLOYMENT_TARGET = 4.0;
				PRODUCT_NAME = "$(TARGET_NAME)";
				"PROVISIONING_PROFILE[sdk=iphoneos*]" = "8110425B-09C7-418C-AA1E-04A882D8CA55";
				WRAPPER_EXTENSION = app;
			};
			name = Adhoc;
		};
/* End XCBuildConfiguration section */

/* Begin XCConfigurationList section */
		3E1990C915B111B10055B334 /* Build configuration list for PBXProject "Devotion" */ = {
			isa = XCConfigurationList;
			buildConfigurations = (
				3E1990EA15B111B20055B334 /* Debug */,
				3E1990EB15B111B20055B334 /* Release */,
				CECB5D5E15BD25FA0057F399 /* Adhoc */,
			);
			defaultConfigurationIsVisible = 0;
			defaultConfigurationName = Release;
		};
		3E1990EC15B111B20055B334 /* Build configuration list for PBXNativeTarget "Devotion" */ = {
			isa = XCConfigurationList;
			buildConfigurations = (
				3E1990ED15B111B20055B334 /* Debug */,
				3E1990EE15B111B20055B334 /* Release */,
				CECB5D5F15BD25FA0057F399 /* Adhoc */,
			);
			defaultConfigurationIsVisible = 0;
			defaultConfigurationName = Release;
		};
/* End XCConfigurationList section */

/* Begin XCVersionGroup section */
		CEC2545B15C0FECD00B878FD /* Devotion.xcdatamodeld */ = {
			isa = XCVersionGroup;
			children = (
				CEC2545C15C0FECD00B878FD /* Devotion.xcdatamodel */,
			);
			currentVersion = CEC2545C15C0FECD00B878FD /* Devotion.xcdatamodel */;
			path = Devotion.xcdatamodeld;
			sourceTree = "<group>";
			versionGroupType = wrapper.xcdatamodel;
		};
/* End XCVersionGroup section */
	};
	rootObject = 3E1990C615B111B10055B334 /* Project object */;
}
